
Microsoft Visual Studio Solution File, Format Version 12.00
# Visual Studio Version 17
VisualStudioVersion = 17.5.33424.131
MinimumVisualStudioVersion = 10.0.40219.1
Project("{8BC9CEB8-8B4A-11D0-8D11-00A0C91BC942}") = "TelltaleInspector", "Inspector\TelltaleInspector.vcxproj", "{21A40790-8D0E-BC06-D64C-6DAC42F6995B}"
	ProjectSection(ProjectDependencies) = postProject
		{84D57AAA-EF9C-4454-AE33-B624E1F61A84} = {84D57AAA-EF9C-4454-AE33-B624E1F61A84}
	EndProjectSection
EndProject
Project("{2150E333-8FDC-42A3-9474-1A3956D46DE8}") = "Core", "Core", "{15A0C35D-0158-05AB-6A5F-DE065636A09B}"
EndProject
Project("{8BC9CEB8-8B4A-11D0-8D11-00A0C91BC942}") = "Walnut", "Walnut\Walnut.vcxproj", "{C038E8D9-ACDA-12B0-9595-260481D69900}"
EndProject
Project("{2150E333-8FDC-42A3-9474-1A3956D46DE8}") = "Dependencies", "Dependencies", "{53E47842-3FC8-3998-A828-34EB942B241A}"
EndProject
Project("{8BC9CEB8-8B4A-11D0-8D11-00A0C91BC942}") = "GLFW", "vendor\glfw\GLFW.vcxproj", "{154B857C-0182-860D-AA6E-6C109684020F}"
EndProject
Project("{8BC9CEB8-8B4A-11D0-8D11-00A0C91BC942}") = "ImGui", "vendor\imgui\ImGui.vcxproj", "{C0FF640D-2C14-8DBE-F595-301E616989EF}"
EndProject
Project("{8BC9CEB8-8B4A-11D0-8D11-00A0C91BC942}") = "TelltaleToolLib", "..\TelltaleToolLib\TelltaleToolLib\TelltaleToolLib.vcxproj", "{84D57AAA-EF9C-4454-AE33-B624E1F61A84}"
EndProject
Global
	GlobalSection(SolutionConfigurationPlatforms) = preSolution
		Debug|x64 = Debug|x64
		Debug|x86 = Debug|x86
		Dist|x64 = Dist|x64
		Dist|x86 = Dist|x86
		Release|x64 = Release|x64
		Release|x86 = Release|x86
	EndGlobalSection
	GlobalSection(ProjectConfigurationPlatforms) = postSolution
		{21A40790-8D0E-BC06-D64C-6DAC42F6995B}.Debug|x64.ActiveCfg = Debug|x64
		{21A40790-8D0E-BC06-D64C-6DAC42F6995B}.Debug|x64.Build.0 = Debug|x64
		{21A40790-8D0E-BC06-D64C-6DAC42F6995B}.Debug|x86.ActiveCfg = Debug|x64
		{21A40790-8D0E-BC06-D64C-6DAC42F6995B}.Debug|x86.Build.0 = Debug|x64
		{21A40790-8D0E-BC06-D64C-6DAC42F6995B}.Dist|x64.ActiveCfg = Dist|x64
		{21A40790-8D0E-BC06-D64C-6DAC42F6995B}.Dist|x64.Build.0 = Dist|x64
		{21A40790-8D0E-BC06-D64C-6DAC42F6995B}.Dist|x86.ActiveCfg = Dist|x64
		{21A40790-8D0E-BC06-D64C-6DAC42F6995B}.Dist|x86.Build.0 = Dist|x64
		{21A40790-8D0E-BC06-D64C-6DAC42F6995B}.Release|x64.ActiveCfg = Release|x64
		{21A40790-8D0E-BC06-D64C-6DAC42F6995B}.Release|x64.Build.0 = Release|x64
		{21A40790-8D0E-BC06-D64C-6DAC42F6995B}.Release|x86.ActiveCfg = Release|x64
		{21A40790-8D0E-BC06-D64C-6DAC42F6995B}.Release|x86.Build.0 = Release|x64
		{C038E8D9-ACDA-12B0-9595-260481D69900}.Debug|x64.ActiveCfg = Debug|x64
		{C038E8D9-ACDA-12B0-9595-260481D69900}.Debug|x64.Build.0 = Debug|x64
		{C038E8D9-ACDA-12B0-9595-260481D69900}.Debug|x86.ActiveCfg = Debug|x64
		{C038E8D9-ACDA-12B0-9595-260481D69900}.Debug|x86.Build.0 = Debug|x64
		{C038E8D9-ACDA-12B0-9595-260481D69900}.Dist|x64.ActiveCfg = Dist|x64
		{C038E8D9-ACDA-12B0-9595-260481D69900}.Dist|x64.Build.0 = Dist|x64
		{C038E8D9-ACDA-12B0-9595-260481D69900}.Dist|x86.ActiveCfg = Dist|x64
		{C038E8D9-ACDA-12B0-9595-260481D69900}.Dist|x86.Build.0 = Dist|x64
		{C038E8D9-ACDA-12B0-9595-260481D69900}.Release|x64.ActiveCfg = Release|x64
		{C038E8D9-ACDA-12B0-9595-260481D69900}.Release|x64.Build.0 = Release|x64
		{C038E8D9-ACDA-12B0-9595-260481D69900}.Release|x86.ActiveCfg = Release|x64
		{C038E8D9-ACDA-12B0-9595-260481D69900}.Release|x86.Build.0 = Release|x64
		{154B857C-0182-860D-AA6E-6C109684020F}.Debug|x64.ActiveCfg = Debug|x64
		{154B857C-0182-860D-AA6E-6C109684020F}.Debug|x64.Build.0 = Debug|x64
		{154B857C-0182-860D-AA6E-6C109684020F}.Debug|x86.ActiveCfg = Debug|x64
		{154B857C-0182-860D-AA6E-6C109684020F}.Debug|x86.Build.0 = Debug|x64
		{154B857C-0182-860D-AA6E-6C109684020F}.Dist|x64.ActiveCfg = Dist|x64
		{154B857C-0182-860D-AA6E-6C109684020F}.Dist|x64.Build.0 = Dist|x64
		{154B857C-0182-860D-AA6E-6C109684020F}.Dist|x86.ActiveCfg = Dist|x64
		{154B857C-0182-860D-AA6E-6C109684020F}.Dist|x86.Build.0 = Dist|x64
		{154B857C-0182-860D-AA6E-6C109684020F}.Release|x64.ActiveCfg = Release|x64
		{154B857C-0182-860D-AA6E-6C109684020F}.Release|x64.Build.0 = Release|x64
		{154B857C-0182-860D-AA6E-6C109684020F}.Release|x86.ActiveCfg = Release|x64
		{154B857C-0182-860D-AA6E-6C109684020F}.Release|x86.Build.0 = Release|x64
		{C0FF640D-2C14-8DBE-F595-301E616989EF}.Debug|x64.ActiveCfg = Debug|x64
		{C0FF640D-2C14-8DBE-F595-301E616989EF}.Debug|x64.Build.0 = Debug|x64
		{C0FF640D-2C14-8DBE-F595-301E616989EF}.Debug|x86.ActiveCfg = Debug|x64
		{C0FF640D-2C14-8DBE-F595-301E616989EF}.Debug|x86.Build.0 = Debug|x64
		{C0FF640D-2C14-8DBE-F595-301E616989EF}.Dist|x64.ActiveCfg = Dist|x64
		{C0FF640D-2C14-8DBE-F595-301E616989EF}.Dist|x64.Build.0 = Dist|x64
		{C0FF640D-2C14-8DBE-F595-301E616989EF}.Dist|x86.ActiveCfg = Dist|x64
		{C0FF640D-2C14-8DBE-F595-301E616989EF}.Dist|x86.Build.0 = Dist|x64
		{C0FF640D-2C14-8DBE-F595-301E616989EF}.Release|x64.ActiveCfg = Release|x64
		{C0FF640D-2C14-8DBE-F595-301E616989EF}.Release|x64.Build.0 = Release|x64
		{C0FF640D-2C14-8DBE-F595-301E616989EF}.Release|x86.ActiveCfg = Release|x64
		{C0FF640D-2C14-8DBE-F595-301E616989EF}.Release|x86.Build.0 = Release|x64
		{84D57AAA-EF9C-4454-AE33-B624E1F61A84}.Debug|x64.ActiveCfg = Debug|x64
		{84D57AAA-EF9C-4454-AE33-B624E1F61A84}.Debug|x64.Build.0 = Debug|x64
		{84D57AAA-EF9C-4454-AE33-B624E1F61A84}.Debug|x86.ActiveCfg = Debug|Win32
		{84D57AAA-EF9C-4454-AE33-B624E1F61A84}.Debug|x86.Build.0 = Debug|Win32
		{84D57AAA-EF9C-4454-AE33-B624E1F61A84}.Dist|x64.ActiveCfg = Debug|x64
		{84D57AAA-EF9C-4454-AE33-B624E1F61A84}.Dist|x64.Build.0 = Debug|x64
		{84D57AAA-EF9C-4454-AE33-B624E1F61A84}.Dist|x86.ActiveCfg = Debug|Win32
		{84D57AAA-EF9C-4454-AE33-B624E1F61A84}.Dist|x86.Build.0 = Debug|Win32
		{84D57AAA-EF9C-4454-AE33-B624E1F61A84}.Release|x64.ActiveCfg = Release|x64
		{84D57AAA-EF9C-4454-AE33-B624E1F61A84}.Release|x64.Build.0 = Release|x64
		{84D57AAA-EF9C-4454-AE33-B624E1F61A84}.Release|x86.ActiveCfg = Release|Win32
		{84D57AAA-EF9C-4454-AE33-B624E1F61A84}.Release|x86.Build.0 = Release|Win32
	EndGlobalSection
	GlobalSection(SolutionProperties) = preSolution
		HideSolutionNode = FALSE
	EndGlobalSection
	GlobalSection(NestedProjects) = preSolution
		{C038E8D9-ACDA-12B0-9595-260481D69900} = {15A0C35D-0158-05AB-6A5F-DE065636A09B}
		{154B857C-0182-860D-AA6E-6C109684020F} = {53E47842-3FC8-3998-A828-34EB942B241A}
		{C0FF640D-2C14-8DBE-F595-301E616989EF} = {53E47842-3FC8-3998-A828-34EB942B241A}
		{84D57AAA-EF9C-4454-AE33-B624E1F61A84} = {53E47842-3FC8-3998-A828-34EB942B241A}
	EndGlobalSection
	GlobalSection(ExtensibilityGlobals) = postSolution
		SolutionGuid = {44C0718F-D556-4C89-A15F-9ADBEF375302}
	EndGlobalSection
EndGlobal
